
Microsoft Visual Studio Solution File, Format Version 12.00
# Visual Studio Version 16
VisualStudioVersion = 16.0.31205.134
MinimumVisualStudioVersion = 10.0.40219.1
Project("{9A19103F-16F7-4668-BE54-9A1E7A4F7556}") = "Pago", "Pago\Pago.csproj", "{4FD9D6B4-0844-4E60-B5EF-4401A1E3326C}"
EndProject
Project("{9A19103F-16F7-4668-BE54-9A1E7A4F7556}") = "Model", "Model\Model.csproj", "{7A41FDCA-F55C-43C0-8747-A5B0E403EC4B}"
EndProject
Project("{9A19103F-16F7-4668-BE54-9A1E7A4F7556}") = "Service", "Service\Service.csproj", "{383705D6-72B5-4700-BA71-0537C0C92832}"
EndProject
Project("{9A19103F-16F7-4668-BE54-9A1E7A4F7556}") = "Common", "Common\Common.csproj", "{C7388AB9-81C8-4CC6-A66F-08EF589CF7C1}"
EndProject
Project("{FAE04EC0-301F-11D3-BF4B-00C04F79EFBC}") = "Test", "Test\Test.csproj", "{6F990388-FA82-489B-B0FE-883174E33D90}"
EndProject
Global
	GlobalSection(SolutionConfigurationPlatforms) = preSolution
		Debug|Any CPU = Debug|Any CPU
		Release|Any CPU = Release|Any CPU
	EndGlobalSection
	GlobalSection(ProjectConfigurationPlatforms) = postSolution
		{4FD9D6B4-0844-4E60-B5EF-4401A1E3326C}.Debug|Any CPU.ActiveCfg = Debug|Any CPU
		{4FD9D6B4-0844-4E60-B5EF-4401A1E3326C}.Debug|Any CPU.Build.0 = Debug|Any CPU
		{4FD9D6B4-0844-4E60-B5EF-4401A1E3326C}.Release|Any CPU.ActiveCfg = Release|Any CPU
		{4FD9D6B4-0844-4E60-B5EF-4401A1E3326C}.Release|Any CPU.Build.0 = Release|Any CPU
		{7A41FDCA-F55C-43C0-8747-A5B0E403EC4B}.Debug|Any CPU.ActiveCfg = Debug|Any CPU
		{7A41FDCA-F55C-43C0-8747-A5B0E403EC4B}.Debug|Any CPU.Build.0 = Debug|Any CPU
		{7A41FDCA-F55C-43C0-8747-A5B0E403EC4B}.Release|Any CPU.ActiveCfg = Release|Any CPU
		{7A41FDCA-F55C-43C0-8747-A5B0E403EC4B}.Release|Any CPU.Build.0 = Release|Any CPU
		{383705D6-72B5-4700-BA71-0537C0C92832}.Debug|Any CPU.ActiveCfg = Debug|Any CPU
		{383705D6-72B5-4700-BA71-0537C0C92832}.Debug|Any CPU.Build.0 = Debug|Any CPU
		{383705D6-72B5-4700-BA71-0537C0C92832}.Release|Any CPU.ActiveCfg = Release|Any CPU
		{383705D6-72B5-4700-BA71-0537C0C92832}.Release|Any CPU.Build.0 = Release|Any CPU
		{C7388AB9-81C8-4CC6-A66F-08EF589CF7C1}.Debug|Any CPU.ActiveCfg = Debug|Any CPU
		{C7388AB9-81C8-4CC6-A66F-08EF589CF7C1}.Debug|Any CPU.Build.0 = Debug|Any CPU
		{C7388AB9-81C8-4CC6-A66F-08EF589CF7C1}.Release|Any CPU.ActiveCfg = Release|Any CPU
		{C7388AB9-81C8-4CC6-A66F-08EF589CF7C1}.Release|Any CPU.Build.0 = Release|Any CPU
		{6F990388-FA82-489B-B0FE-883174E33D90}.Debug|Any CPU.ActiveCfg = Debug|Any CPU
		{6F990388-FA82-489B-B0FE-883174E33D90}.Debug|Any CPU.Build.0 = Debug|Any CPU
		{6F990388-FA82-489B-B0FE-883174E33D90}.Release|Any CPU.ActiveCfg = Release|Any CPU
		{6F990388-FA82-489B-B0FE-883174E33D90}.Release|Any CPU.Build.0 = Release|Any CPU
	EndGlobalSection
	GlobalSection(SolutionProperties) = preSolution
		HideSolutionNode = FALSE
	EndGlobalSection
	GlobalSection(ExtensibilityGlobals) = postSolution
		SolutionGuid = {2822E340-8148-41A9-88B1-0D7B4737C453}
	EndGlobalSection
EndGlobal
