
Microsoft Visual Studio Solution File, Format Version 12.00
# Visual Studio Version 16
VisualStudioVersion = 16.0.31205.134
MinimumVisualStudioVersion = 10.0.40219.1
Project("{9A19103F-16F7-4668-BE54-9A1E7A4F7556}") = "Facturar", "Facturar\Facturar.csproj", "{8052DA20-04F6-4B36-B20D-8DD2663FC69B}"
EndProject
Project("{9A19103F-16F7-4668-BE54-9A1E7A4F7556}") = "Model", "Model\Model.csproj", "{F5B6F2DC-9019-453C-9FF9-1A14D3112F2F}"
EndProject
Project("{9A19103F-16F7-4668-BE54-9A1E7A4F7556}") = "Services", "InvoiceService\Services.csproj", "{E54A424F-E6ED-4D94-9A19-EFDC24D0E395}"
EndProject
Project("{FAE04EC0-301F-11D3-BF4B-00C04F79EFBC}") = "Test", "Test\Test.csproj", "{4367A0BE-AB33-4E79-9A36-7C53AC5B4927}"
EndProject
Global
	GlobalSection(SolutionConfigurationPlatforms) = preSolution
		Debug|Any CPU = Debug|Any CPU
		Release|Any CPU = Release|Any CPU
	EndGlobalSection
	GlobalSection(ProjectConfigurationPlatforms) = postSolution
		{8052DA20-04F6-4B36-B20D-8DD2663FC69B}.Debug|Any CPU.ActiveCfg = Debug|Any CPU
		{8052DA20-04F6-4B36-B20D-8DD2663FC69B}.Debug|Any CPU.Build.0 = Debug|Any CPU
		{8052DA20-04F6-4B36-B20D-8DD2663FC69B}.Release|Any CPU.ActiveCfg = Release|Any CPU
		{8052DA20-04F6-4B36-B20D-8DD2663FC69B}.Release|Any CPU.Build.0 = Release|Any CPU
		{F5B6F2DC-9019-453C-9FF9-1A14D3112F2F}.Debug|Any CPU.ActiveCfg = Debug|Any CPU
		{F5B6F2DC-9019-453C-9FF9-1A14D3112F2F}.Debug|Any CPU.Build.0 = Debug|Any CPU
		{F5B6F2DC-9019-453C-9FF9-1A14D3112F2F}.Release|Any CPU.ActiveCfg = Release|Any CPU
		{F5B6F2DC-9019-453C-9FF9-1A14D3112F2F}.Release|Any CPU.Build.0 = Release|Any CPU
		{E54A424F-E6ED-4D94-9A19-EFDC24D0E395}.Debug|Any CPU.ActiveCfg = Debug|Any CPU
		{E54A424F-E6ED-4D94-9A19-EFDC24D0E395}.Debug|Any CPU.Build.0 = Debug|Any CPU
		{E54A424F-E6ED-4D94-9A19-EFDC24D0E395}.Release|Any CPU.ActiveCfg = Release|Any CPU
		{E54A424F-E6ED-4D94-9A19-EFDC24D0E395}.Release|Any CPU.Build.0 = Release|Any CPU
		{4367A0BE-AB33-4E79-9A36-7C53AC5B4927}.Debug|Any CPU.ActiveCfg = Debug|Any CPU
		{4367A0BE-AB33-4E79-9A36-7C53AC5B4927}.Debug|Any CPU.Build.0 = Debug|Any CPU
		{4367A0BE-AB33-4E79-9A36-7C53AC5B4927}.Release|Any CPU.ActiveCfg = Release|Any CPU
		{4367A0BE-AB33-4E79-9A36-7C53AC5B4927}.Release|Any CPU.Build.0 = Release|Any CPU
	EndGlobalSection
	GlobalSection(SolutionProperties) = preSolution
		HideSolutionNode = FALSE
	EndGlobalSection
	GlobalSection(ExtensibilityGlobals) = postSolution
		SolutionGuid = {E62E3B60-F1BD-46DC-A52E-4BA97421D047}
	EndGlobalSection
EndGlobal
